
Microsoft Visual Studio Solution File, Format Version 12.00
# Visual Studio 14
VisualStudioVersion = 14.0.23107.0
MinimumVisualStudioVersion = 10.0.40219.1
Project("{54435603-DBB4-11D2-8724-00A0C9A8B90C}") = "QuantSASetupLite", "QuantSASetupLite\QuantSASetupLite.vdproj", "{AAE62B09-DA17-4ACC-A35B-B7F80295909F}"
EndProject
Global
	GlobalSection(SolutionConfigurationPlatforms) = preSolution
		Debug|Default = Debug|Default
		Release|Default = Release|Default
	EndGlobalSection
	GlobalSection(ProjectConfigurationPlatforms) = postSolution
		{AAE62B09-DA17-4ACC-A35B-B7F80295909F}.Debug|Default.ActiveCfg = Debug
		{AAE62B09-DA17-4ACC-A35B-B7F80295909F}.Debug|Default.Build.0 = Debug
		{AAE62B09-DA17-4ACC-A35B-B7F80295909F}.Release|Default.ActiveCfg = Release
		{AAE62B09-DA17-4ACC-A35B-B7F80295909F}.Release|Default.Build.0 = Release
	EndGlobalSection
	GlobalSection(SolutionProperties) = preSolution
		HideSolutionNode = FALSE
	EndGlobalSection
EndGlobal
