
Microsoft Visual Studio Solution File, Format Version 12.00
# Visual Studio 14
VisualStudioVersion = 14.0.23107.0
MinimumVisualStudioVersion = 10.0.40219.1
Project("{FAE04EC0-301F-11D3-BF4B-00C04F79EFBC}") = "Excel", "Excel\Excel.csproj", "{EA77E2CE-18A6-4532-8465-4FB45B3F9C62}"
EndProject
Project("{FAE04EC0-301F-11D3-BF4B-00C04F79EFBC}") = "MonteCarlo", "MonteCarlo\MonteCarlo.csproj", "{29E7CAAC-BB40-44EE-ABAC-4C3812AA1AD9}"
EndProject
Project("{FAE04EC0-301F-11D3-BF4B-00C04F79EFBC}") = "MonteCarloTest", "MonteCarloTest\MonteCarloTest.csproj", "{EC7E0D08-677B-41F0-82B6-20215FD6E395}"
EndProject
Project("{FAE04EC0-301F-11D3-BF4B-00C04F79EFBC}") = "General", "General\General.csproj", "{EE53E241-C329-4D56-965A-F6E2BB1FCE50}"
EndProject
Project("{FAE04EC0-301F-11D3-BF4B-00C04F79EFBC}") = "GeneralTest", "GeneralTest\GeneralTest.csproj", "{38A22B8F-1FE7-4C9A-8E24-551EA6CE0A7C}"
EndProject
Project("{2150E333-8FDC-42A3-9474-1A3956D46DE8}") = "Solution Items", "Solution Items", "{72CE0E67-4D38-4F53-91A1-299F9E155558}"
	ProjectSection(SolutionItems) = preProject
		Performance1.psess = Performance1.psess
	EndProjectSection
EndProject
Project("{FAE04EC0-301F-11D3-BF4B-00C04F79EFBC}") = "QuantSAInterfaces", "QuantSAInterfaces\QuantSAInterfaces.csproj", "{AB407873-268C-4AE1-B1FB-62B9830DF979}"
EndProject
Global
	GlobalSection(SolutionConfigurationPlatforms) = preSolution
		Debug|Any CPU = Debug|Any CPU
		Debug|x64 = Debug|x64
		Debug|x86 = Debug|x86
		Release|Any CPU = Release|Any CPU
		Release|x64 = Release|x64
		Release|x86 = Release|x86
	EndGlobalSection
	GlobalSection(ProjectConfigurationPlatforms) = postSolution
		{EA77E2CE-18A6-4532-8465-4FB45B3F9C62}.Debug|Any CPU.ActiveCfg = Debug|Any CPU
		{EA77E2CE-18A6-4532-8465-4FB45B3F9C62}.Debug|Any CPU.Build.0 = Debug|Any CPU
		{EA77E2CE-18A6-4532-8465-4FB45B3F9C62}.Debug|x64.ActiveCfg = Debug|Any CPU
		{EA77E2CE-18A6-4532-8465-4FB45B3F9C62}.Debug|x64.Build.0 = Debug|Any CPU
		{EA77E2CE-18A6-4532-8465-4FB45B3F9C62}.Debug|x86.ActiveCfg = Debug|Any CPU
		{EA77E2CE-18A6-4532-8465-4FB45B3F9C62}.Debug|x86.Build.0 = Debug|Any CPU
		{EA77E2CE-18A6-4532-8465-4FB45B3F9C62}.Release|Any CPU.ActiveCfg = Release|Any CPU
		{EA77E2CE-18A6-4532-8465-4FB45B3F9C62}.Release|Any CPU.Build.0 = Release|Any CPU
		{EA77E2CE-18A6-4532-8465-4FB45B3F9C62}.Release|x64.ActiveCfg = Release|Any CPU
		{EA77E2CE-18A6-4532-8465-4FB45B3F9C62}.Release|x64.Build.0 = Release|Any CPU
		{EA77E2CE-18A6-4532-8465-4FB45B3F9C62}.Release|x86.ActiveCfg = Release|Any CPU
		{EA77E2CE-18A6-4532-8465-4FB45B3F9C62}.Release|x86.Build.0 = Release|Any CPU
		{29E7CAAC-BB40-44EE-ABAC-4C3812AA1AD9}.Debug|Any CPU.ActiveCfg = Debug|Any CPU
		{29E7CAAC-BB40-44EE-ABAC-4C3812AA1AD9}.Debug|Any CPU.Build.0 = Debug|Any CPU
		{29E7CAAC-BB40-44EE-ABAC-4C3812AA1AD9}.Debug|x64.ActiveCfg = Debug|Any CPU
		{29E7CAAC-BB40-44EE-ABAC-4C3812AA1AD9}.Debug|x64.Build.0 = Debug|Any CPU
		{29E7CAAC-BB40-44EE-ABAC-4C3812AA1AD9}.Debug|x86.ActiveCfg = Debug|Any CPU
		{29E7CAAC-BB40-44EE-ABAC-4C3812AA1AD9}.Debug|x86.Build.0 = Debug|Any CPU
		{29E7CAAC-BB40-44EE-ABAC-4C3812AA1AD9}.Release|Any CPU.ActiveCfg = Release|Any CPU
		{29E7CAAC-BB40-44EE-ABAC-4C3812AA1AD9}.Release|Any CPU.Build.0 = Release|Any CPU
		{29E7CAAC-BB40-44EE-ABAC-4C3812AA1AD9}.Release|x64.ActiveCfg = Release|Any CPU
		{29E7CAAC-BB40-44EE-ABAC-4C3812AA1AD9}.Release|x64.Build.0 = Release|Any CPU
		{29E7CAAC-BB40-44EE-ABAC-4C3812AA1AD9}.Release|x86.ActiveCfg = Release|Any CPU
		{29E7CAAC-BB40-44EE-ABAC-4C3812AA1AD9}.Release|x86.Build.0 = Release|Any CPU
		{EC7E0D08-677B-41F0-82B6-20215FD6E395}.Debug|Any CPU.ActiveCfg = Debug|Any CPU
		{EC7E0D08-677B-41F0-82B6-20215FD6E395}.Debug|Any CPU.Build.0 = Debug|Any CPU
		{EC7E0D08-677B-41F0-82B6-20215FD6E395}.Debug|x64.ActiveCfg = Debug|Any CPU
		{EC7E0D08-677B-41F0-82B6-20215FD6E395}.Debug|x64.Build.0 = Debug|Any CPU
		{EC7E0D08-677B-41F0-82B6-20215FD6E395}.Debug|x86.ActiveCfg = Debug|Any CPU
		{EC7E0D08-677B-41F0-82B6-20215FD6E395}.Debug|x86.Build.0 = Debug|Any CPU
		{EC7E0D08-677B-41F0-82B6-20215FD6E395}.Release|Any CPU.ActiveCfg = Release|Any CPU
		{EC7E0D08-677B-41F0-82B6-20215FD6E395}.Release|Any CPU.Build.0 = Release|Any CPU
		{EC7E0D08-677B-41F0-82B6-20215FD6E395}.Release|x64.ActiveCfg = Release|Any CPU
		{EC7E0D08-677B-41F0-82B6-20215FD6E395}.Release|x64.Build.0 = Release|Any CPU
		{EC7E0D08-677B-41F0-82B6-20215FD6E395}.Release|x86.ActiveCfg = Release|Any CPU
		{EC7E0D08-677B-41F0-82B6-20215FD6E395}.Release|x86.Build.0 = Release|Any CPU
		{EE53E241-C329-4D56-965A-F6E2BB1FCE50}.Debug|Any CPU.ActiveCfg = Debug|Any CPU
		{EE53E241-C329-4D56-965A-F6E2BB1FCE50}.Debug|Any CPU.Build.0 = Debug|Any CPU
		{EE53E241-C329-4D56-965A-F6E2BB1FCE50}.Debug|x64.ActiveCfg = Debug|Any CPU
		{EE53E241-C329-4D56-965A-F6E2BB1FCE50}.Debug|x64.Build.0 = Debug|Any CPU
		{EE53E241-C329-4D56-965A-F6E2BB1FCE50}.Debug|x86.ActiveCfg = Debug|Any CPU
		{EE53E241-C329-4D56-965A-F6E2BB1FCE50}.Debug|x86.Build.0 = Debug|Any CPU
		{EE53E241-C329-4D56-965A-F6E2BB1FCE50}.Release|Any CPU.ActiveCfg = Release|Any CPU
		{EE53E241-C329-4D56-965A-F6E2BB1FCE50}.Release|Any CPU.Build.0 = Release|Any CPU
		{EE53E241-C329-4D56-965A-F6E2BB1FCE50}.Release|x64.ActiveCfg = Release|Any CPU
		{EE53E241-C329-4D56-965A-F6E2BB1FCE50}.Release|x64.Build.0 = Release|Any CPU
		{EE53E241-C329-4D56-965A-F6E2BB1FCE50}.Release|x86.ActiveCfg = Release|Any CPU
		{EE53E241-C329-4D56-965A-F6E2BB1FCE50}.Release|x86.Build.0 = Release|Any CPU
		{38A22B8F-1FE7-4C9A-8E24-551EA6CE0A7C}.Debug|Any CPU.ActiveCfg = Debug|Any CPU
		{38A22B8F-1FE7-4C9A-8E24-551EA6CE0A7C}.Debug|Any CPU.Build.0 = Debug|Any CPU
		{38A22B8F-1FE7-4C9A-8E24-551EA6CE0A7C}.Debug|x64.ActiveCfg = Debug|Any CPU
		{38A22B8F-1FE7-4C9A-8E24-551EA6CE0A7C}.Debug|x64.Build.0 = Debug|Any CPU
		{38A22B8F-1FE7-4C9A-8E24-551EA6CE0A7C}.Debug|x86.ActiveCfg = Debug|Any CPU
		{38A22B8F-1FE7-4C9A-8E24-551EA6CE0A7C}.Debug|x86.Build.0 = Debug|Any CPU
		{38A22B8F-1FE7-4C9A-8E24-551EA6CE0A7C}.Release|Any CPU.ActiveCfg = Release|Any CPU
		{38A22B8F-1FE7-4C9A-8E24-551EA6CE0A7C}.Release|Any CPU.Build.0 = Release|Any CPU
		{38A22B8F-1FE7-4C9A-8E24-551EA6CE0A7C}.Release|x64.ActiveCfg = Release|Any CPU
		{38A22B8F-1FE7-4C9A-8E24-551EA6CE0A7C}.Release|x64.Build.0 = Release|Any CPU
		{38A22B8F-1FE7-4C9A-8E24-551EA6CE0A7C}.Release|x86.ActiveCfg = Release|Any CPU
		{38A22B8F-1FE7-4C9A-8E24-551EA6CE0A7C}.Release|x86.Build.0 = Release|Any CPU
		{AB407873-268C-4AE1-B1FB-62B9830DF979}.Debug|Any CPU.ActiveCfg = Debug|Any CPU
		{AB407873-268C-4AE1-B1FB-62B9830DF979}.Debug|Any CPU.Build.0 = Debug|Any CPU
		{AB407873-268C-4AE1-B1FB-62B9830DF979}.Debug|x64.ActiveCfg = Debug|Any CPU
		{AB407873-268C-4AE1-B1FB-62B9830DF979}.Debug|x64.Build.0 = Debug|Any CPU
		{AB407873-268C-4AE1-B1FB-62B9830DF979}.Debug|x86.ActiveCfg = Debug|Any CPU
		{AB407873-268C-4AE1-B1FB-62B9830DF979}.Debug|x86.Build.0 = Debug|Any CPU
		{AB407873-268C-4AE1-B1FB-62B9830DF979}.Release|Any CPU.ActiveCfg = Release|Any CPU
		{AB407873-268C-4AE1-B1FB-62B9830DF979}.Release|Any CPU.Build.0 = Release|Any CPU
		{AB407873-268C-4AE1-B1FB-62B9830DF979}.Release|x64.ActiveCfg = Release|Any CPU
		{AB407873-268C-4AE1-B1FB-62B9830DF979}.Release|x64.Build.0 = Release|Any CPU
		{AB407873-268C-4AE1-B1FB-62B9830DF979}.Release|x86.ActiveCfg = Release|Any CPU
		{AB407873-268C-4AE1-B1FB-62B9830DF979}.Release|x86.Build.0 = Release|Any CPU
	EndGlobalSection
	GlobalSection(SolutionProperties) = preSolution
		HideSolutionNode = FALSE
	EndGlobalSection
EndGlobal
