
Microsoft Visual Studio Solution File, Format Version 12.00
# Visual Studio 15
VisualStudioVersion = 15.0.27130.2036
MinimumVisualStudioVersion = 10.0.40219.1
Project("{FAE04EC0-301F-11D3-BF4B-00C04F79EFBC}") = "QuantSA.Core", "QuantSA.Core\QuantSA.Core.csproj", "{65DA30BB-96AD-40A3-BB56-FEB27738C75A}"
EndProject
Project("{2150E333-8FDC-42A3-9474-1A3956D46DE8}") = "Excel", "Excel", "{BEE5AF9F-8D60-48A6-B938-6E07995ABDEE}"
EndProject
Project("{FAE04EC0-301F-11D3-BF4B-00C04F79EFBC}") = "QuantSA.Core.Tests", "QuantSA.Core.Tests\QuantSA.Core.Tests.csproj", "{0DB3F8D5-1AFB-4FB5-8D90-E2F0F1B6BC64}"
EndProject
Project("{2150E333-8FDC-42A3-9474-1A3956D46DE8}") = "Solution", "Solution", "{F6A3BD41-BDB4-4D06-8D85-39CA1C5E8ECD}"
	ProjectSection(SolutionItems) = preProject
		QuantSA.sln.readme.md = QuantSA.sln.readme.md
	EndProjectSection
EndProject
Project("{FAE04EC0-301F-11D3-BF4B-00C04F79EFBC}") = "QuantSA.Excel.Shared", "QuantSA.Excel.Shared\QuantSA.Excel.Shared.csproj", "{D71DFB97-E341-4DC8-B263-B2E81E5AAA60}"
EndProject
Project("{FAE04EC0-301F-11D3-BF4B-00C04F79EFBC}") = "QuantSA.Excel.Functions", "QuantSA.Excel.Functions\QuantSA.Excel.Functions.csproj", "{0EE19FE5-6C46-40AE-9CCE-1D43C9C29F57}"
EndProject
Project("{FAE04EC0-301F-11D3-BF4B-00C04F79EFBC}") = "QuantSA.Excel.Addin", "QuantSA.Excel.AddIn\QuantSA.Excel.Addin.csproj", "{EA77E2CE-18A6-4532-8465-4FB45B3F9C62}"
EndProject
Project("{FAE04EC0-301F-11D3-BF4B-00C04F79EFBC}") = "QuantSA.CoreExtensions", "QuantSA.CoreExtensions\QuantSA.CoreExtensions.csproj", "{F8101F09-3ABD-472E-A9A6-D3D45E748E06}"
EndProject
Project("{FAE04EC0-301F-11D3-BF4B-00C04F79EFBC}") = "QuantSA.CoreExtensions.Test", "QuantSA.CoreExtensions.Test\QuantSA.CoreExtensions.Test.csproj", "{553515B7-E5D5-46EB-8B25-94020EBDCEC1}"
EndProject
Project("{FAE04EC0-301F-11D3-BF4B-00C04F79EFBC}") = "QuantSA.Valuation", "QuantSA.Valuation\QuantSA.Valuation.csproj", "{29E7CAAC-BB40-44EE-ABAC-4C3812AA1AD9}"
EndProject
Project("{FAE04EC0-301F-11D3-BF4B-00C04F79EFBC}") = "QuantSA.Valuation.Test", "QuantSA.Valuation.Test\QuantSA.Valuation.Test.csproj", "{EC7E0D08-677B-41F0-82B6-20215FD6E395}"
EndProject
Project("{FAE04EC0-301F-11D3-BF4B-00C04F79EFBC}") = "QuantSA.Excel.Addin.Tests", "QuantSA.Excel.Addin.Tests\QuantSA.Excel.Addin.Tests.csproj", "{913F7FB3-2DEC-4789-8D25-3698CD385148}"
EndProject
Project("{FAE04EC0-301F-11D3-BF4B-00C04F79EFBC}") = "QuantSA.Shared", "QuantSA.Shared\QuantSA.Shared.csproj", "{EE53E241-C329-4D56-965A-F6E2BB1FCE50}"
EndProject
Project("{FAE04EC0-301F-11D3-BF4B-00C04F79EFBC}") = "QuantSA.Shared.Test", "QuantSA.Shared.Test\QuantSA.Shared.Test.csproj", "{38A22B8F-1FE7-4C9A-8E24-551EA6CE0A7C}"
EndProject
Project("{FAE04EC0-301F-11D3-BF4B-00C04F79EFBC}") = "QuantSA.Solution.Test", "QuantSA.Solution.Test\QuantSA.Solution.Test.csproj", "{8BFBEAC7-789D-4E15-9965-5129BC7589E5}"
EndProject
Global
	GlobalSection(SolutionConfigurationPlatforms) = preSolution
		Debug|Any CPU = Debug|Any CPU
		Debug|x64 = Debug|x64
		Debug|x86 = Debug|x86
		Release|Any CPU = Release|Any CPU
		Release|x64 = Release|x64
		Release|x86 = Release|x86
	EndGlobalSection
	GlobalSection(ProjectConfigurationPlatforms) = postSolution
		{65DA30BB-96AD-40A3-BB56-FEB27738C75A}.Debug|Any CPU.ActiveCfg = Debug|Any CPU
		{65DA30BB-96AD-40A3-BB56-FEB27738C75A}.Debug|Any CPU.Build.0 = Debug|Any CPU
		{65DA30BB-96AD-40A3-BB56-FEB27738C75A}.Debug|x64.ActiveCfg = Debug|Any CPU
		{65DA30BB-96AD-40A3-BB56-FEB27738C75A}.Debug|x64.Build.0 = Debug|Any CPU
		{65DA30BB-96AD-40A3-BB56-FEB27738C75A}.Debug|x86.ActiveCfg = Debug|Any CPU
		{65DA30BB-96AD-40A3-BB56-FEB27738C75A}.Debug|x86.Build.0 = Debug|Any CPU
		{65DA30BB-96AD-40A3-BB56-FEB27738C75A}.Release|Any CPU.ActiveCfg = Release|Any CPU
		{65DA30BB-96AD-40A3-BB56-FEB27738C75A}.Release|Any CPU.Build.0 = Release|Any CPU
		{65DA30BB-96AD-40A3-BB56-FEB27738C75A}.Release|x64.ActiveCfg = Release|Any CPU
		{65DA30BB-96AD-40A3-BB56-FEB27738C75A}.Release|x64.Build.0 = Release|Any CPU
		{65DA30BB-96AD-40A3-BB56-FEB27738C75A}.Release|x86.ActiveCfg = Release|Any CPU
		{65DA30BB-96AD-40A3-BB56-FEB27738C75A}.Release|x86.Build.0 = Release|Any CPU
		{0DB3F8D5-1AFB-4FB5-8D90-E2F0F1B6BC64}.Debug|Any CPU.ActiveCfg = Debug|Any CPU
		{0DB3F8D5-1AFB-4FB5-8D90-E2F0F1B6BC64}.Debug|Any CPU.Build.0 = Debug|Any CPU
		{0DB3F8D5-1AFB-4FB5-8D90-E2F0F1B6BC64}.Debug|x64.ActiveCfg = Debug|Any CPU
		{0DB3F8D5-1AFB-4FB5-8D90-E2F0F1B6BC64}.Debug|x64.Build.0 = Debug|Any CPU
		{0DB3F8D5-1AFB-4FB5-8D90-E2F0F1B6BC64}.Debug|x86.ActiveCfg = Debug|Any CPU
		{0DB3F8D5-1AFB-4FB5-8D90-E2F0F1B6BC64}.Debug|x86.Build.0 = Debug|Any CPU
		{0DB3F8D5-1AFB-4FB5-8D90-E2F0F1B6BC64}.Release|Any CPU.ActiveCfg = Release|Any CPU
		{0DB3F8D5-1AFB-4FB5-8D90-E2F0F1B6BC64}.Release|Any CPU.Build.0 = Release|Any CPU
		{0DB3F8D5-1AFB-4FB5-8D90-E2F0F1B6BC64}.Release|x64.ActiveCfg = Release|Any CPU
		{0DB3F8D5-1AFB-4FB5-8D90-E2F0F1B6BC64}.Release|x64.Build.0 = Release|Any CPU
		{0DB3F8D5-1AFB-4FB5-8D90-E2F0F1B6BC64}.Release|x86.ActiveCfg = Release|Any CPU
		{0DB3F8D5-1AFB-4FB5-8D90-E2F0F1B6BC64}.Release|x86.Build.0 = Release|Any CPU
		{D71DFB97-E341-4DC8-B263-B2E81E5AAA60}.Debug|Any CPU.ActiveCfg = Debug|Any CPU
		{D71DFB97-E341-4DC8-B263-B2E81E5AAA60}.Debug|Any CPU.Build.0 = Debug|Any CPU
		{D71DFB97-E341-4DC8-B263-B2E81E5AAA60}.Debug|x64.ActiveCfg = Debug|Any CPU
		{D71DFB97-E341-4DC8-B263-B2E81E5AAA60}.Debug|x64.Build.0 = Debug|Any CPU
		{D71DFB97-E341-4DC8-B263-B2E81E5AAA60}.Debug|x86.ActiveCfg = Debug|Any CPU
		{D71DFB97-E341-4DC8-B263-B2E81E5AAA60}.Debug|x86.Build.0 = Debug|Any CPU
		{D71DFB97-E341-4DC8-B263-B2E81E5AAA60}.Release|Any CPU.ActiveCfg = Release|Any CPU
		{D71DFB97-E341-4DC8-B263-B2E81E5AAA60}.Release|Any CPU.Build.0 = Release|Any CPU
		{D71DFB97-E341-4DC8-B263-B2E81E5AAA60}.Release|x64.ActiveCfg = Release|Any CPU
		{D71DFB97-E341-4DC8-B263-B2E81E5AAA60}.Release|x64.Build.0 = Release|Any CPU
		{D71DFB97-E341-4DC8-B263-B2E81E5AAA60}.Release|x86.ActiveCfg = Release|Any CPU
		{D71DFB97-E341-4DC8-B263-B2E81E5AAA60}.Release|x86.Build.0 = Release|Any CPU
		{0EE19FE5-6C46-40AE-9CCE-1D43C9C29F57}.Debug|Any CPU.ActiveCfg = Debug|Any CPU
		{0EE19FE5-6C46-40AE-9CCE-1D43C9C29F57}.Debug|Any CPU.Build.0 = Debug|Any CPU
		{0EE19FE5-6C46-40AE-9CCE-1D43C9C29F57}.Debug|x64.ActiveCfg = Debug|Any CPU
		{0EE19FE5-6C46-40AE-9CCE-1D43C9C29F57}.Debug|x64.Build.0 = Debug|Any CPU
		{0EE19FE5-6C46-40AE-9CCE-1D43C9C29F57}.Debug|x86.ActiveCfg = Debug|Any CPU
		{0EE19FE5-6C46-40AE-9CCE-1D43C9C29F57}.Debug|x86.Build.0 = Debug|Any CPU
		{0EE19FE5-6C46-40AE-9CCE-1D43C9C29F57}.Release|Any CPU.ActiveCfg = Release|Any CPU
		{0EE19FE5-6C46-40AE-9CCE-1D43C9C29F57}.Release|Any CPU.Build.0 = Release|Any CPU
		{0EE19FE5-6C46-40AE-9CCE-1D43C9C29F57}.Release|x64.ActiveCfg = Release|Any CPU
		{0EE19FE5-6C46-40AE-9CCE-1D43C9C29F57}.Release|x64.Build.0 = Release|Any CPU
		{0EE19FE5-6C46-40AE-9CCE-1D43C9C29F57}.Release|x86.ActiveCfg = Release|Any CPU
		{0EE19FE5-6C46-40AE-9CCE-1D43C9C29F57}.Release|x86.Build.0 = Release|Any CPU
		{EA77E2CE-18A6-4532-8465-4FB45B3F9C62}.Debug|Any CPU.ActiveCfg = Debug|Any CPU
		{EA77E2CE-18A6-4532-8465-4FB45B3F9C62}.Debug|Any CPU.Build.0 = Debug|Any CPU
		{EA77E2CE-18A6-4532-8465-4FB45B3F9C62}.Debug|x64.ActiveCfg = Debug|Any CPU
		{EA77E2CE-18A6-4532-8465-4FB45B3F9C62}.Debug|x64.Build.0 = Debug|Any CPU
		{EA77E2CE-18A6-4532-8465-4FB45B3F9C62}.Debug|x86.ActiveCfg = Debug|Any CPU
		{EA77E2CE-18A6-4532-8465-4FB45B3F9C62}.Debug|x86.Build.0 = Debug|Any CPU
		{EA77E2CE-18A6-4532-8465-4FB45B3F9C62}.Release|Any CPU.ActiveCfg = Release|Any CPU
		{EA77E2CE-18A6-4532-8465-4FB45B3F9C62}.Release|Any CPU.Build.0 = Release|Any CPU
		{EA77E2CE-18A6-4532-8465-4FB45B3F9C62}.Release|x64.ActiveCfg = Release|Any CPU
		{EA77E2CE-18A6-4532-8465-4FB45B3F9C62}.Release|x64.Build.0 = Release|Any CPU
		{EA77E2CE-18A6-4532-8465-4FB45B3F9C62}.Release|x86.ActiveCfg = Release|Any CPU
		{EA77E2CE-18A6-4532-8465-4FB45B3F9C62}.Release|x86.Build.0 = Release|Any CPU
		{F8101F09-3ABD-472E-A9A6-D3D45E748E06}.Debug|Any CPU.ActiveCfg = Debug|Any CPU
		{F8101F09-3ABD-472E-A9A6-D3D45E748E06}.Debug|Any CPU.Build.0 = Debug|Any CPU
		{F8101F09-3ABD-472E-A9A6-D3D45E748E06}.Debug|x64.ActiveCfg = Debug|Any CPU
		{F8101F09-3ABD-472E-A9A6-D3D45E748E06}.Debug|x64.Build.0 = Debug|Any CPU
		{F8101F09-3ABD-472E-A9A6-D3D45E748E06}.Debug|x86.ActiveCfg = Debug|Any CPU
		{F8101F09-3ABD-472E-A9A6-D3D45E748E06}.Debug|x86.Build.0 = Debug|Any CPU
		{F8101F09-3ABD-472E-A9A6-D3D45E748E06}.Release|Any CPU.ActiveCfg = Release|Any CPU
		{F8101F09-3ABD-472E-A9A6-D3D45E748E06}.Release|Any CPU.Build.0 = Release|Any CPU
		{F8101F09-3ABD-472E-A9A6-D3D45E748E06}.Release|x64.ActiveCfg = Release|Any CPU
		{F8101F09-3ABD-472E-A9A6-D3D45E748E06}.Release|x64.Build.0 = Release|Any CPU
		{F8101F09-3ABD-472E-A9A6-D3D45E748E06}.Release|x86.ActiveCfg = Release|Any CPU
		{F8101F09-3ABD-472E-A9A6-D3D45E748E06}.Release|x86.Build.0 = Release|Any CPU
		{553515B7-E5D5-46EB-8B25-94020EBDCEC1}.Debug|Any CPU.ActiveCfg = Debug|Any CPU
		{553515B7-E5D5-46EB-8B25-94020EBDCEC1}.Debug|Any CPU.Build.0 = Debug|Any CPU
		{553515B7-E5D5-46EB-8B25-94020EBDCEC1}.Debug|x64.ActiveCfg = Debug|Any CPU
		{553515B7-E5D5-46EB-8B25-94020EBDCEC1}.Debug|x64.Build.0 = Debug|Any CPU
		{553515B7-E5D5-46EB-8B25-94020EBDCEC1}.Debug|x86.ActiveCfg = Debug|Any CPU
		{553515B7-E5D5-46EB-8B25-94020EBDCEC1}.Debug|x86.Build.0 = Debug|Any CPU
		{553515B7-E5D5-46EB-8B25-94020EBDCEC1}.Release|Any CPU.ActiveCfg = Release|Any CPU
		{553515B7-E5D5-46EB-8B25-94020EBDCEC1}.Release|Any CPU.Build.0 = Release|Any CPU
		{553515B7-E5D5-46EB-8B25-94020EBDCEC1}.Release|x64.ActiveCfg = Release|Any CPU
		{553515B7-E5D5-46EB-8B25-94020EBDCEC1}.Release|x64.Build.0 = Release|Any CPU
		{553515B7-E5D5-46EB-8B25-94020EBDCEC1}.Release|x86.ActiveCfg = Release|Any CPU
		{553515B7-E5D5-46EB-8B25-94020EBDCEC1}.Release|x86.Build.0 = Release|Any CPU
		{29E7CAAC-BB40-44EE-ABAC-4C3812AA1AD9}.Debug|Any CPU.ActiveCfg = Debug|Any CPU
		{29E7CAAC-BB40-44EE-ABAC-4C3812AA1AD9}.Debug|Any CPU.Build.0 = Debug|Any CPU
		{29E7CAAC-BB40-44EE-ABAC-4C3812AA1AD9}.Debug|x64.ActiveCfg = Debug|Any CPU
		{29E7CAAC-BB40-44EE-ABAC-4C3812AA1AD9}.Debug|x64.Build.0 = Debug|Any CPU
		{29E7CAAC-BB40-44EE-ABAC-4C3812AA1AD9}.Debug|x86.ActiveCfg = Debug|Any CPU
		{29E7CAAC-BB40-44EE-ABAC-4C3812AA1AD9}.Debug|x86.Build.0 = Debug|Any CPU
		{29E7CAAC-BB40-44EE-ABAC-4C3812AA1AD9}.Release|Any CPU.ActiveCfg = Release|Any CPU
		{29E7CAAC-BB40-44EE-ABAC-4C3812AA1AD9}.Release|Any CPU.Build.0 = Release|Any CPU
		{29E7CAAC-BB40-44EE-ABAC-4C3812AA1AD9}.Release|x64.ActiveCfg = Release|Any CPU
		{29E7CAAC-BB40-44EE-ABAC-4C3812AA1AD9}.Release|x64.Build.0 = Release|Any CPU
		{29E7CAAC-BB40-44EE-ABAC-4C3812AA1AD9}.Release|x86.ActiveCfg = Release|Any CPU
		{29E7CAAC-BB40-44EE-ABAC-4C3812AA1AD9}.Release|x86.Build.0 = Release|Any CPU
		{EC7E0D08-677B-41F0-82B6-20215FD6E395}.Debug|Any CPU.ActiveCfg = Debug|Any CPU
		{EC7E0D08-677B-41F0-82B6-20215FD6E395}.Debug|Any CPU.Build.0 = Debug|Any CPU
		{EC7E0D08-677B-41F0-82B6-20215FD6E395}.Debug|x64.ActiveCfg = Debug|Any CPU
		{EC7E0D08-677B-41F0-82B6-20215FD6E395}.Debug|x64.Build.0 = Debug|Any CPU
		{EC7E0D08-677B-41F0-82B6-20215FD6E395}.Debug|x86.ActiveCfg = Debug|Any CPU
		{EC7E0D08-677B-41F0-82B6-20215FD6E395}.Debug|x86.Build.0 = Debug|Any CPU
		{EC7E0D08-677B-41F0-82B6-20215FD6E395}.Release|Any CPU.ActiveCfg = Release|Any CPU
		{EC7E0D08-677B-41F0-82B6-20215FD6E395}.Release|Any CPU.Build.0 = Release|Any CPU
		{EC7E0D08-677B-41F0-82B6-20215FD6E395}.Release|x64.ActiveCfg = Release|Any CPU
		{EC7E0D08-677B-41F0-82B6-20215FD6E395}.Release|x64.Build.0 = Release|Any CPU
		{EC7E0D08-677B-41F0-82B6-20215FD6E395}.Release|x86.ActiveCfg = Release|Any CPU
		{EC7E0D08-677B-41F0-82B6-20215FD6E395}.Release|x86.Build.0 = Release|Any CPU
		{913F7FB3-2DEC-4789-8D25-3698CD385148}.Debug|Any CPU.ActiveCfg = Debug|Any CPU
		{913F7FB3-2DEC-4789-8D25-3698CD385148}.Debug|Any CPU.Build.0 = Debug|Any CPU
		{913F7FB3-2DEC-4789-8D25-3698CD385148}.Debug|x64.ActiveCfg = Debug|Any CPU
		{913F7FB3-2DEC-4789-8D25-3698CD385148}.Debug|x64.Build.0 = Debug|Any CPU
		{913F7FB3-2DEC-4789-8D25-3698CD385148}.Debug|x86.ActiveCfg = Debug|Any CPU
		{913F7FB3-2DEC-4789-8D25-3698CD385148}.Debug|x86.Build.0 = Debug|Any CPU
		{913F7FB3-2DEC-4789-8D25-3698CD385148}.Release|Any CPU.ActiveCfg = Release|Any CPU
		{913F7FB3-2DEC-4789-8D25-3698CD385148}.Release|Any CPU.Build.0 = Release|Any CPU
		{913F7FB3-2DEC-4789-8D25-3698CD385148}.Release|x64.ActiveCfg = Release|Any CPU
		{913F7FB3-2DEC-4789-8D25-3698CD385148}.Release|x64.Build.0 = Release|Any CPU
		{913F7FB3-2DEC-4789-8D25-3698CD385148}.Release|x86.ActiveCfg = Release|Any CPU
		{913F7FB3-2DEC-4789-8D25-3698CD385148}.Release|x86.Build.0 = Release|Any CPU
		{EE53E241-C329-4D56-965A-F6E2BB1FCE50}.Debug|Any CPU.ActiveCfg = Debug|Any CPU
		{EE53E241-C329-4D56-965A-F6E2BB1FCE50}.Debug|Any CPU.Build.0 = Debug|Any CPU
		{EE53E241-C329-4D56-965A-F6E2BB1FCE50}.Debug|x64.ActiveCfg = Debug|Any CPU
		{EE53E241-C329-4D56-965A-F6E2BB1FCE50}.Debug|x64.Build.0 = Debug|Any CPU
		{EE53E241-C329-4D56-965A-F6E2BB1FCE50}.Debug|x86.ActiveCfg = Debug|Any CPU
		{EE53E241-C329-4D56-965A-F6E2BB1FCE50}.Debug|x86.Build.0 = Debug|Any CPU
		{EE53E241-C329-4D56-965A-F6E2BB1FCE50}.Release|Any CPU.ActiveCfg = Release|Any CPU
		{EE53E241-C329-4D56-965A-F6E2BB1FCE50}.Release|Any CPU.Build.0 = Release|Any CPU
		{EE53E241-C329-4D56-965A-F6E2BB1FCE50}.Release|x64.ActiveCfg = Release|Any CPU
		{EE53E241-C329-4D56-965A-F6E2BB1FCE50}.Release|x64.Build.0 = Release|Any CPU
		{EE53E241-C329-4D56-965A-F6E2BB1FCE50}.Release|x86.ActiveCfg = Release|Any CPU
		{EE53E241-C329-4D56-965A-F6E2BB1FCE50}.Release|x86.Build.0 = Release|Any CPU
		{38A22B8F-1FE7-4C9A-8E24-551EA6CE0A7C}.Debug|Any CPU.ActiveCfg = Debug|Any CPU
		{38A22B8F-1FE7-4C9A-8E24-551EA6CE0A7C}.Debug|Any CPU.Build.0 = Debug|Any CPU
		{38A22B8F-1FE7-4C9A-8E24-551EA6CE0A7C}.Debug|x64.ActiveCfg = Debug|Any CPU
		{38A22B8F-1FE7-4C9A-8E24-551EA6CE0A7C}.Debug|x64.Build.0 = Debug|Any CPU
		{38A22B8F-1FE7-4C9A-8E24-551EA6CE0A7C}.Debug|x86.ActiveCfg = Debug|Any CPU
		{38A22B8F-1FE7-4C9A-8E24-551EA6CE0A7C}.Debug|x86.Build.0 = Debug|Any CPU
		{38A22B8F-1FE7-4C9A-8E24-551EA6CE0A7C}.Release|Any CPU.ActiveCfg = Release|Any CPU
		{38A22B8F-1FE7-4C9A-8E24-551EA6CE0A7C}.Release|Any CPU.Build.0 = Release|Any CPU
		{38A22B8F-1FE7-4C9A-8E24-551EA6CE0A7C}.Release|x64.ActiveCfg = Release|Any CPU
		{38A22B8F-1FE7-4C9A-8E24-551EA6CE0A7C}.Release|x64.Build.0 = Release|Any CPU
		{38A22B8F-1FE7-4C9A-8E24-551EA6CE0A7C}.Release|x86.ActiveCfg = Release|Any CPU
		{38A22B8F-1FE7-4C9A-8E24-551EA6CE0A7C}.Release|x86.Build.0 = Release|Any CPU
		{8BFBEAC7-789D-4E15-9965-5129BC7589E5}.Debug|Any CPU.ActiveCfg = Debug|Any CPU
		{8BFBEAC7-789D-4E15-9965-5129BC7589E5}.Debug|Any CPU.Build.0 = Debug|Any CPU
		{8BFBEAC7-789D-4E15-9965-5129BC7589E5}.Debug|x64.ActiveCfg = Debug|Any CPU
		{8BFBEAC7-789D-4E15-9965-5129BC7589E5}.Debug|x64.Build.0 = Debug|Any CPU
		{8BFBEAC7-789D-4E15-9965-5129BC7589E5}.Debug|x86.ActiveCfg = Debug|Any CPU
		{8BFBEAC7-789D-4E15-9965-5129BC7589E5}.Debug|x86.Build.0 = Debug|Any CPU
		{8BFBEAC7-789D-4E15-9965-5129BC7589E5}.Release|Any CPU.ActiveCfg = Release|Any CPU
		{8BFBEAC7-789D-4E15-9965-5129BC7589E5}.Release|Any CPU.Build.0 = Release|Any CPU
		{8BFBEAC7-789D-4E15-9965-5129BC7589E5}.Release|x64.ActiveCfg = Release|Any CPU
		{8BFBEAC7-789D-4E15-9965-5129BC7589E5}.Release|x64.Build.0 = Release|Any CPU
		{8BFBEAC7-789D-4E15-9965-5129BC7589E5}.Release|x86.ActiveCfg = Release|Any CPU
		{8BFBEAC7-789D-4E15-9965-5129BC7589E5}.Release|x86.Build.0 = Release|Any CPU
	EndGlobalSection
	GlobalSection(SolutionProperties) = preSolution
		HideSolutionNode = FALSE
	EndGlobalSection
	GlobalSection(NestedProjects) = preSolution
		{D71DFB97-E341-4DC8-B263-B2E81E5AAA60} = {BEE5AF9F-8D60-48A6-B938-6E07995ABDEE}
		{0EE19FE5-6C46-40AE-9CCE-1D43C9C29F57} = {BEE5AF9F-8D60-48A6-B938-6E07995ABDEE}
		{EA77E2CE-18A6-4532-8465-4FB45B3F9C62} = {BEE5AF9F-8D60-48A6-B938-6E07995ABDEE}
		{913F7FB3-2DEC-4789-8D25-3698CD385148} = {BEE5AF9F-8D60-48A6-B938-6E07995ABDEE}
	EndGlobalSection
	GlobalSection(ExtensibilityGlobals) = postSolution
		SolutionGuid = {06B9273E-5CD6-4884-99D2-762CF0F22BA6}
	EndGlobalSection
EndGlobal
