
Microsoft Visual Studio Solution File, Format Version 12.00
# Visual Studio 15
VisualStudioVersion = 15.0.28307.136
MinimumVisualStudioVersion = 10.0.40219.1
Project("{FAE04EC0-301F-11D3-BF4B-00C04F79EFBC}") = "QSALite", "QSALite\QSALite.csproj", "{FACFB8D1-D09B-41F3-93E9-43566CF68793}"
EndProject
Project("{FAE04EC0-301F-11D3-BF4B-00C04F79EFBC}") = "QSALite.Tests", "QSALite.Tests\QSALite.Tests.csproj", "{90CF417A-7124-4E91-A3D8-E96609B5A440}"
EndProject
Global
	GlobalSection(SolutionConfigurationPlatforms) = preSolution
		Debug|Any CPU = Debug|Any CPU
		Release|Any CPU = Release|Any CPU
	EndGlobalSection
	GlobalSection(ProjectConfigurationPlatforms) = postSolution
		{FACFB8D1-D09B-41F3-93E9-43566CF68793}.Debug|Any CPU.ActiveCfg = Debug|Any CPU
		{FACFB8D1-D09B-41F3-93E9-43566CF68793}.Debug|Any CPU.Build.0 = Debug|Any CPU
		{FACFB8D1-D09B-41F3-93E9-43566CF68793}.Release|Any CPU.ActiveCfg = Release|Any CPU
		{FACFB8D1-D09B-41F3-93E9-43566CF68793}.Release|Any CPU.Build.0 = Release|Any CPU
		{90CF417A-7124-4E91-A3D8-E96609B5A440}.Debug|Any CPU.ActiveCfg = Debug|Any CPU
		{90CF417A-7124-4E91-A3D8-E96609B5A440}.Debug|Any CPU.Build.0 = Debug|Any CPU
		{90CF417A-7124-4E91-A3D8-E96609B5A440}.Release|Any CPU.ActiveCfg = Release|Any CPU
		{90CF417A-7124-4E91-A3D8-E96609B5A440}.Release|Any CPU.Build.0 = Release|Any CPU
	EndGlobalSection
	GlobalSection(SolutionProperties) = preSolution
		HideSolutionNode = FALSE
	EndGlobalSection
	GlobalSection(ExtensibilityGlobals) = postSolution
		SolutionGuid = {7805871B-77A8-47B2-973A-2BCCAF95A7B5}
	EndGlobalSection
EndGlobal
