
Microsoft Visual Studio Solution File, Format Version 12.00
# Visual Studio 14
VisualStudioVersion = 14.0.25420.1
MinimumVisualStudioVersion = 10.0.40219.1
Project("{6141683F-8A12-4E36-9623-2EB02B2C2303}") = "QuantSASetup", "QuantSASetup\QuantSASetup.isproj", "{4418B19A-E80A-41AA-9D91-51E2622E6A6C}"
	ProjectSection(ProjectDependencies) = postProject
		{16D6259B-DCF5-4925-BFE7-8E7652DA147C} = {16D6259B-DCF5-4925-BFE7-8E7652DA147C}
		{EA77E2CE-18A6-4532-8465-4FB45B3F9C62} = {EA77E2CE-18A6-4532-8465-4FB45B3F9C62}
	EndProjectSection
EndProject
Project("{FAE04EC0-301F-11D3-BF4B-00C04F79EFBC}") = "Excel", "..\QuantSA\Excel\Excel.csproj", "{EA77E2CE-18A6-4532-8465-4FB45B3F9C62}"
EndProject
Project("{FAE04EC0-301F-11D3-BF4B-00C04F79EFBC}") = "General", "..\QuantSA\General\General.csproj", "{EE53E241-C329-4D56-965A-F6E2BB1FCE50}"
EndProject
Project("{FAE04EC0-301F-11D3-BF4B-00C04F79EFBC}") = "MonteCarlo", "..\QuantSA\MonteCarlo\MonteCarlo.csproj", "{29E7CAAC-BB40-44EE-ABAC-4C3812AA1AD9}"
EndProject
Project("{FAE04EC0-301F-11D3-BF4B-00C04F79EFBC}") = "QuantSAInterfaces", "..\QuantSA\QuantSAInterfaces\QuantSAInterfaces.csproj", "{AB407873-268C-4AE1-B1FB-62B9830DF979}"
EndProject
Project("{FAE04EC0-301F-11D3-BF4B-00C04F79EFBC}") = "UpdateXLFunctions", "..\QuantSA\UpdateXLFunctions\UpdateXLFunctions.csproj", "{8CD90E9B-3C64-4DB9-9A53-4D4B494EB04B}"
EndProject
Project("{FAE04EC0-301F-11D3-BF4B-00C04F79EFBC}") = "CustomActions", "CustomActions\CustomActions.csproj", "{16D6259B-DCF5-4925-BFE7-8E7652DA147C}"
EndProject
Global
	GlobalSection(SolutionConfigurationPlatforms) = preSolution
		CD_ROM|Any CPU = CD_ROM|Any CPU
		Debug|Any CPU = Debug|Any CPU
		DVD-5|Any CPU = DVD-5|Any CPU
		Release|Any CPU = Release|Any CPU
		SingleImage|Any CPU = SingleImage|Any CPU
	EndGlobalSection
	GlobalSection(ProjectConfigurationPlatforms) = postSolution
		{4418B19A-E80A-41AA-9D91-51E2622E6A6C}.CD_ROM|Any CPU.ActiveCfg = CD_ROM
		{4418B19A-E80A-41AA-9D91-51E2622E6A6C}.CD_ROM|Any CPU.Build.0 = CD_ROM
		{4418B19A-E80A-41AA-9D91-51E2622E6A6C}.Debug|Any CPU.ActiveCfg = DVD-5
		{4418B19A-E80A-41AA-9D91-51E2622E6A6C}.Debug|Any CPU.Build.0 = DVD-5
		{4418B19A-E80A-41AA-9D91-51E2622E6A6C}.DVD-5|Any CPU.ActiveCfg = DVD-5
		{4418B19A-E80A-41AA-9D91-51E2622E6A6C}.DVD-5|Any CPU.Build.0 = DVD-5
		{4418B19A-E80A-41AA-9D91-51E2622E6A6C}.Release|Any CPU.ActiveCfg = SingleImage
		{4418B19A-E80A-41AA-9D91-51E2622E6A6C}.Release|Any CPU.Build.0 = SingleImage
		{4418B19A-E80A-41AA-9D91-51E2622E6A6C}.SingleImage|Any CPU.ActiveCfg = SingleImage
		{4418B19A-E80A-41AA-9D91-51E2622E6A6C}.SingleImage|Any CPU.Build.0 = SingleImage
		{EA77E2CE-18A6-4532-8465-4FB45B3F9C62}.CD_ROM|Any CPU.ActiveCfg = Release|Any CPU
		{EA77E2CE-18A6-4532-8465-4FB45B3F9C62}.CD_ROM|Any CPU.Build.0 = Release|Any CPU
		{EA77E2CE-18A6-4532-8465-4FB45B3F9C62}.Debug|Any CPU.ActiveCfg = Debug|Any CPU
		{EA77E2CE-18A6-4532-8465-4FB45B3F9C62}.Debug|Any CPU.Build.0 = Debug|Any CPU
		{EA77E2CE-18A6-4532-8465-4FB45B3F9C62}.DVD-5|Any CPU.ActiveCfg = Debug|Any CPU
		{EA77E2CE-18A6-4532-8465-4FB45B3F9C62}.DVD-5|Any CPU.Build.0 = Debug|Any CPU
		{EA77E2CE-18A6-4532-8465-4FB45B3F9C62}.Release|Any CPU.ActiveCfg = Release|Any CPU
		{EA77E2CE-18A6-4532-8465-4FB45B3F9C62}.Release|Any CPU.Build.0 = Release|Any CPU
		{EA77E2CE-18A6-4532-8465-4FB45B3F9C62}.SingleImage|Any CPU.ActiveCfg = Release|Any CPU
		{EA77E2CE-18A6-4532-8465-4FB45B3F9C62}.SingleImage|Any CPU.Build.0 = Release|Any CPU
		{EE53E241-C329-4D56-965A-F6E2BB1FCE50}.CD_ROM|Any CPU.ActiveCfg = Release|Any CPU
		{EE53E241-C329-4D56-965A-F6E2BB1FCE50}.CD_ROM|Any CPU.Build.0 = Release|Any CPU
		{EE53E241-C329-4D56-965A-F6E2BB1FCE50}.Debug|Any CPU.ActiveCfg = Debug|Any CPU
		{EE53E241-C329-4D56-965A-F6E2BB1FCE50}.Debug|Any CPU.Build.0 = Debug|Any CPU
		{EE53E241-C329-4D56-965A-F6E2BB1FCE50}.DVD-5|Any CPU.ActiveCfg = Debug|Any CPU
		{EE53E241-C329-4D56-965A-F6E2BB1FCE50}.DVD-5|Any CPU.Build.0 = Debug|Any CPU
		{EE53E241-C329-4D56-965A-F6E2BB1FCE50}.Release|Any CPU.ActiveCfg = Release|Any CPU
		{EE53E241-C329-4D56-965A-F6E2BB1FCE50}.Release|Any CPU.Build.0 = Release|Any CPU
		{EE53E241-C329-4D56-965A-F6E2BB1FCE50}.SingleImage|Any CPU.ActiveCfg = Release|Any CPU
		{EE53E241-C329-4D56-965A-F6E2BB1FCE50}.SingleImage|Any CPU.Build.0 = Release|Any CPU
		{29E7CAAC-BB40-44EE-ABAC-4C3812AA1AD9}.CD_ROM|Any CPU.ActiveCfg = Release|Any CPU
		{29E7CAAC-BB40-44EE-ABAC-4C3812AA1AD9}.CD_ROM|Any CPU.Build.0 = Release|Any CPU
		{29E7CAAC-BB40-44EE-ABAC-4C3812AA1AD9}.Debug|Any CPU.ActiveCfg = Debug|Any CPU
		{29E7CAAC-BB40-44EE-ABAC-4C3812AA1AD9}.Debug|Any CPU.Build.0 = Debug|Any CPU
		{29E7CAAC-BB40-44EE-ABAC-4C3812AA1AD9}.DVD-5|Any CPU.ActiveCfg = Debug|Any CPU
		{29E7CAAC-BB40-44EE-ABAC-4C3812AA1AD9}.DVD-5|Any CPU.Build.0 = Debug|Any CPU
		{29E7CAAC-BB40-44EE-ABAC-4C3812AA1AD9}.Release|Any CPU.ActiveCfg = Release|Any CPU
		{29E7CAAC-BB40-44EE-ABAC-4C3812AA1AD9}.Release|Any CPU.Build.0 = Release|Any CPU
		{29E7CAAC-BB40-44EE-ABAC-4C3812AA1AD9}.SingleImage|Any CPU.ActiveCfg = Release|Any CPU
		{29E7CAAC-BB40-44EE-ABAC-4C3812AA1AD9}.SingleImage|Any CPU.Build.0 = Release|Any CPU
		{AB407873-268C-4AE1-B1FB-62B9830DF979}.CD_ROM|Any CPU.ActiveCfg = Release|Any CPU
		{AB407873-268C-4AE1-B1FB-62B9830DF979}.CD_ROM|Any CPU.Build.0 = Release|Any CPU
		{AB407873-268C-4AE1-B1FB-62B9830DF979}.Debug|Any CPU.ActiveCfg = Debug|Any CPU
		{AB407873-268C-4AE1-B1FB-62B9830DF979}.Debug|Any CPU.Build.0 = Debug|Any CPU
		{AB407873-268C-4AE1-B1FB-62B9830DF979}.DVD-5|Any CPU.ActiveCfg = Debug|Any CPU
		{AB407873-268C-4AE1-B1FB-62B9830DF979}.DVD-5|Any CPU.Build.0 = Debug|Any CPU
		{AB407873-268C-4AE1-B1FB-62B9830DF979}.Release|Any CPU.ActiveCfg = Release|Any CPU
		{AB407873-268C-4AE1-B1FB-62B9830DF979}.Release|Any CPU.Build.0 = Release|Any CPU
		{AB407873-268C-4AE1-B1FB-62B9830DF979}.SingleImage|Any CPU.ActiveCfg = Release|Any CPU
		{AB407873-268C-4AE1-B1FB-62B9830DF979}.SingleImage|Any CPU.Build.0 = Release|Any CPU
		{8CD90E9B-3C64-4DB9-9A53-4D4B494EB04B}.CD_ROM|Any CPU.ActiveCfg = Release|Any CPU
		{8CD90E9B-3C64-4DB9-9A53-4D4B494EB04B}.CD_ROM|Any CPU.Build.0 = Release|Any CPU
		{8CD90E9B-3C64-4DB9-9A53-4D4B494EB04B}.Debug|Any CPU.ActiveCfg = Debug|Any CPU
		{8CD90E9B-3C64-4DB9-9A53-4D4B494EB04B}.Debug|Any CPU.Build.0 = Debug|Any CPU
		{8CD90E9B-3C64-4DB9-9A53-4D4B494EB04B}.DVD-5|Any CPU.ActiveCfg = Debug|Any CPU
		{8CD90E9B-3C64-4DB9-9A53-4D4B494EB04B}.DVD-5|Any CPU.Build.0 = Debug|Any CPU
		{8CD90E9B-3C64-4DB9-9A53-4D4B494EB04B}.Release|Any CPU.ActiveCfg = Release|Any CPU
		{8CD90E9B-3C64-4DB9-9A53-4D4B494EB04B}.Release|Any CPU.Build.0 = Release|Any CPU
		{8CD90E9B-3C64-4DB9-9A53-4D4B494EB04B}.SingleImage|Any CPU.ActiveCfg = Release|Any CPU
		{8CD90E9B-3C64-4DB9-9A53-4D4B494EB04B}.SingleImage|Any CPU.Build.0 = Release|Any CPU
		{16D6259B-DCF5-4925-BFE7-8E7652DA147C}.CD_ROM|Any CPU.ActiveCfg = Release|Any CPU
		{16D6259B-DCF5-4925-BFE7-8E7652DA147C}.CD_ROM|Any CPU.Build.0 = Release|Any CPU
		{16D6259B-DCF5-4925-BFE7-8E7652DA147C}.Debug|Any CPU.ActiveCfg = Debug|Any CPU
		{16D6259B-DCF5-4925-BFE7-8E7652DA147C}.Debug|Any CPU.Build.0 = Debug|Any CPU
		{16D6259B-DCF5-4925-BFE7-8E7652DA147C}.DVD-5|Any CPU.ActiveCfg = Debug|Any CPU
		{16D6259B-DCF5-4925-BFE7-8E7652DA147C}.DVD-5|Any CPU.Build.0 = Debug|Any CPU
		{16D6259B-DCF5-4925-BFE7-8E7652DA147C}.Release|Any CPU.ActiveCfg = Release|Any CPU
		{16D6259B-DCF5-4925-BFE7-8E7652DA147C}.Release|Any CPU.Build.0 = Release|Any CPU
		{16D6259B-DCF5-4925-BFE7-8E7652DA147C}.SingleImage|Any CPU.ActiveCfg = Release|Any CPU
		{16D6259B-DCF5-4925-BFE7-8E7652DA147C}.SingleImage|Any CPU.Build.0 = Release|Any CPU
	EndGlobalSection
	GlobalSection(SolutionProperties) = preSolution
		HideSolutionNode = FALSE
	EndGlobalSection
EndGlobal
